
Microsoft Visual Studio Solution File, Format Version 12.00
# Visual Studio Version 16
VisualStudioVersion = 16.0.31205.134
MinimumVisualStudioVersion = 10.0.40219.1
Project("{FAE04EC0-301F-11D3-BF4B-00C04F79EFBC}") = "QL GS25", "QL GS25\QL GS25.csproj", "{6B232230-6B0F-4136-9554-CDC25675C52F}"
EndProject
Global
	GlobalSection(SolutionConfigurationPlatforms) = preSolution
		Debug|Any CPU = Debug|Any CPU
		Release|Any CPU = Release|Any CPU
	EndGlobalSection
	GlobalSection(ProjectConfigurationPlatforms) = postSolution
		{6B232230-6B0F-4136-9554-CDC25675C52F}.Debug|Any CPU.ActiveCfg = Debug|Any CPU
		{6B232230-6B0F-4136-9554-CDC25675C52F}.Debug|Any CPU.Build.0 = Debug|Any CPU
		{6B232230-6B0F-4136-9554-CDC25675C52F}.Release|Any CPU.ActiveCfg = Release|Any CPU
		{6B232230-6B0F-4136-9554-CDC25675C52F}.Release|Any CPU.Build.0 = Release|Any CPU
	EndGlobalSection
	GlobalSection(SolutionProperties) = preSolution
		HideSolutionNode = FALSE
	EndGlobalSection
	GlobalSection(ExtensibilityGlobals) = postSolution
		SolutionGuid = {63814D33-3984-43EF-90A4-0364C153B9ED}
	EndGlobalSection
EndGlobal
